
Microsoft Visual Studio Solution File, Format Version 12.00
# Visual Studio Version 17
VisualStudioVersion = 17.1.32407.343
MinimumVisualStudioVersion = 10.0.40219.1
Project("{FAE04EC0-301F-11D3-BF4B-00C04F79EFBC}") = "PrintAsync", "PrintAsync\PrintAsync.csproj", "{29C0AE63-571A-4949-A9A1-8D4402A2DBDE}"
EndProject
Global
	GlobalSection(SolutionConfigurationPlatforms) = preSolution
		Debug|Any CPU = Debug|Any CPU
		Release|Any CPU = Release|Any CPU
	EndGlobalSection
	GlobalSection(ProjectConfigurationPlatforms) = postSolution
		{29C0AE63-571A-4949-A9A1-8D4402A2DBDE}.Debug|Any CPU.ActiveCfg = Debug|Any CPU
		{29C0AE63-571A-4949-A9A1-8D4402A2DBDE}.Debug|Any CPU.Build.0 = Debug|Any CPU
		{29C0AE63-571A-4949-A9A1-8D4402A2DBDE}.Release|Any CPU.ActiveCfg = Release|Any CPU
		{29C0AE63-571A-4949-A9A1-8D4402A2DBDE}.Release|Any CPU.Build.0 = Release|Any CPU
	EndGlobalSection
	GlobalSection(SolutionProperties) = preSolution
		HideSolutionNode = FALSE
	EndGlobalSection
	GlobalSection(ExtensibilityGlobals) = postSolution
		SolutionGuid = {1097205C-B9A0-47FC-842A-C68FAF34C6B8}
	EndGlobalSection
EndGlobal
